{
  "version": 1,
  "dependencies": {
    "net10.0-windows10.0.19041": {
      "System.Management": {
        "type": "Direct",
        "requested": "[10.0.3, )",
        "resolved": "10.0.3",
        "contentHash": "VyK/nnG1ZgwP/wY8HGrNrdha7kenyI+bkfE0miywiRaWVwqtenuYshA6pmP6Xm7lPsTE2ZRZ+BkzmUVg/VZtTg==",
        "dependencies": {
          "System.CodeDom": "10.0.3"
        }
      },
      "System.CodeDom": {
        "type": "Transitive",
        "resolved": "10.0.3",
        "contentHash": "+G1mBhHJp8taiDcHK1gmckOZ884n9JeIrS1dzFYZhSa8oTiIF+EagIyAyCOQzdBbbES7eb9AkjGBlUZqqoCaeg=="
      }
    }
  }
}